
Microsoft Visual Studio Solution File, Format Version 12.00
# Visual Studio Version 16
VisualStudioVersion = 16.0.30114.105
MinimumVisualStudioVersion = 10.0.40219.1
Project("{FAE04EC0-301F-11D3-BF4B-00C04F79EFBC}") = "SomeClassLib", "SomeClassLib\SomeClassLib.csproj", "{E814C871-3DE3-401C-8181-0655FB933938}"
EndProject
Project("{FAE04EC0-301F-11D3-BF4B-00C04F79EFBC}") = "SomeClassLib.Tests", "SomeClassLib.Tests\SomeClassLib.Tests.csproj", "{5DBA7F8C-9688-40CA-A3AD-7028B65FC30E}"
EndProject
Project("{FAE04EC0-301F-11D3-BF4B-00C04F79EFBC}") = "SomePeerDependency", "SomePeerDependency\SomePeerDependency.csproj", "{7BB23A40-B696-42A8-9610-35A1076182AA}"
EndProject
Global
	GlobalSection(SolutionConfigurationPlatforms) = preSolution
		Debug|Any CPU = Debug|Any CPU
		Release|Any CPU = Release|Any CPU
	EndGlobalSection
	GlobalSection(SolutionProperties) = preSolution
		HideSolutionNode = FALSE
	EndGlobalSection
	GlobalSection(ProjectConfigurationPlatforms) = postSolution
		{E814C871-3DE3-401C-8181-0655FB933938}.Debug|Any CPU.ActiveCfg = Debug|Any CPU
		{E814C871-3DE3-401C-8181-0655FB933938}.Debug|Any CPU.Build.0 = Debug|Any CPU
		{E814C871-3DE3-401C-8181-0655FB933938}.Release|Any CPU.ActiveCfg = Release|Any CPU
		{E814C871-3DE3-401C-8181-0655FB933938}.Release|Any CPU.Build.0 = Release|Any CPU
		{5DBA7F8C-9688-40CA-A3AD-7028B65FC30E}.Debug|Any CPU.ActiveCfg = Debug|Any CPU
		{5DBA7F8C-9688-40CA-A3AD-7028B65FC30E}.Debug|Any CPU.Build.0 = Debug|Any CPU
		{5DBA7F8C-9688-40CA-A3AD-7028B65FC30E}.Release|Any CPU.ActiveCfg = Release|Any CPU
		{5DBA7F8C-9688-40CA-A3AD-7028B65FC30E}.Release|Any CPU.Build.0 = Release|Any CPU
		{7BB23A40-B696-42A8-9610-35A1076182AA}.Debug|Any CPU.ActiveCfg = Debug|Any CPU
		{7BB23A40-B696-42A8-9610-35A1076182AA}.Debug|Any CPU.Build.0 = Debug|Any CPU
		{7BB23A40-B696-42A8-9610-35A1076182AA}.Release|Any CPU.ActiveCfg = Release|Any CPU
		{7BB23A40-B696-42A8-9610-35A1076182AA}.Release|Any CPU.Build.0 = Release|Any CPU
	EndGlobalSection
EndGlobal
